
Microsoft Visual Studio Solution File, Format Version 12.00
# Visual Studio Version 16
VisualStudioVersion = 16.0.30907.101
MinimumVisualStudioVersion = 10.0.40219.1
Project("{FAE04EC0-301F-11D3-BF4B-00C04F79EFBC}") = "Convert", "Convert\Convert.csproj", "{1449510A-CBB2-498E-BE15-5C020468EEFE}"
EndProject
Global
	GlobalSection(SolutionConfigurationPlatforms) = preSolution
		Debug|Any CPU = Debug|Any CPU
		Release|Any CPU = Release|Any CPU
	EndGlobalSection
	GlobalSection(ProjectConfigurationPlatforms) = postSolution
		{1449510A-CBB2-498E-BE15-5C020468EEFE}.Debug|Any CPU.ActiveCfg = Debug|Any CPU
		{1449510A-CBB2-498E-BE15-5C020468EEFE}.Debug|Any CPU.Build.0 = Debug|Any CPU
		{1449510A-CBB2-498E-BE15-5C020468EEFE}.Release|Any CPU.ActiveCfg = Release|Any CPU
		{1449510A-CBB2-498E-BE15-5C020468EEFE}.Release|Any CPU.Build.0 = Release|Any CPU
	EndGlobalSection
	GlobalSection(SolutionProperties) = preSolution
		HideSolutionNode = FALSE
	EndGlobalSection
	GlobalSection(ExtensibilityGlobals) = postSolution
		SolutionGuid = {EDE331D8-494B-4BD0-B727-707BFC8E9CB6}
	EndGlobalSection
EndGlobal
